
Microsoft Visual Studio Solution File, Format Version 12.00
# Visual Studio Version 16
VisualStudioVersion = 16.0.29009.5
MinimumVisualStudioVersion = 10.0.40219.1
Project("{FAE04EC0-301F-11D3-BF4B-00C04F79EFBC}") = "Q1", "Q1\Q1.csproj", "{AB58334F-9A30-484D-BFDD-8B705B2822EC}"
EndProject
Global
	GlobalSection(SolutionConfigurationPlatforms) = preSolution
		Debug|Any CPU = Debug|Any CPU
		Release|Any CPU = Release|Any CPU
	EndGlobalSection
	GlobalSection(ProjectConfigurationPlatforms) = postSolution
		{AB58334F-9A30-484D-BFDD-8B705B2822EC}.Debug|Any CPU.ActiveCfg = Debug|Any CPU
		{AB58334F-9A30-484D-BFDD-8B705B2822EC}.Debug|Any CPU.Build.0 = Debug|Any CPU
		{AB58334F-9A30-484D-BFDD-8B705B2822EC}.Release|Any CPU.ActiveCfg = Release|Any CPU
		{AB58334F-9A30-484D-BFDD-8B705B2822EC}.Release|Any CPU.Build.0 = Release|Any CPU
	EndGlobalSection
	GlobalSection(SolutionProperties) = preSolution
		HideSolutionNode = FALSE
	EndGlobalSection
	GlobalSection(ExtensibilityGlobals) = postSolution
		SolutionGuid = {08531FE2-D2EE-472A-98FA-62A0C515E585}
	EndGlobalSection
EndGlobal
